
Microsoft Visual Studio Solution File, Format Version 12.00
# Visual Studio Version 17
VisualStudioVersion = 17.4.33110.190
MinimumVisualStudioVersion = 10.0.40219.1
Project("{9A19103F-16F7-4668-BE54-9A1E7A4F7556}") = "VentaControlEstampillas.Api", "VentaControlEstampillas\VentaControlEstampillas.Api\VentaControlEstampillas.Api.csproj", "{20C66BEF-2D2A-4372-BC90-7AA7BC83DED4}"
EndProject
Project("{9A19103F-16F7-4668-BE54-9A1E7A4F7556}") = "VentaControlEstampillas.Domain", "VentaControlEstampillas\VentaControlEstampillas.Domain\VentaControlEstampillas.Domain.csproj", "{83A07E1D-445A-4F58-91E8-6BCA3334BE2B}"
EndProject
Project("{9A19103F-16F7-4668-BE54-9A1E7A4F7556}") = "VentaControlEstampillas.Application", "VentaControlEstampillas\VentaControlEstampillas.Application\VentaControlEstampillas.Application.csproj", "{0BE64758-D468-43F6-BC6B-A765D3EB1E4E}"
EndProject
Project("{9A19103F-16F7-4668-BE54-9A1E7A4F7556}") = "VentaControlEstampillas.Infrastructure", "VentaControlEstampillas\VentaControlEstampillas.Infrastructure\VentaControlEstampillas.Infrastructure.csproj", "{06A8784B-3C62-4C07-A77E-F3E0C2EB2D67}"
EndProject
Project("{9A19103F-16F7-4668-BE54-9A1E7A4F7556}") = "VentaControlEstampillas.Api.Tests", "VentaControlEstampillas.Api.Tests\VentaControlEstampillas.Api.Tests.csproj", "{22F4ADB9-8F05-4AAE-AFC1-CD23B2795E39}"
EndProject
Project("{FAE04EC0-301F-11D3-BF4B-00C04F79EFBC}") = "VentaControlEstampillas.Domain.Tests", "VentaControlEstampillas.Domain.Tests\VentaControlEstampillas.Domain.Tests.csproj", "{231EE879-D305-4F84-B92B-32CFC0130CE2}"
EndProject
Global
	GlobalSection(SolutionConfigurationPlatforms) = preSolution
		Debug|Any CPU = Debug|Any CPU
		Release|Any CPU = Release|Any CPU
	EndGlobalSection
	GlobalSection(ProjectConfigurationPlatforms) = postSolution
		{20C66BEF-2D2A-4372-BC90-7AA7BC83DED4}.Debug|Any CPU.ActiveCfg = Debug|Any CPU
		{20C66BEF-2D2A-4372-BC90-7AA7BC83DED4}.Debug|Any CPU.Build.0 = Debug|Any CPU
		{20C66BEF-2D2A-4372-BC90-7AA7BC83DED4}.Release|Any CPU.ActiveCfg = Release|Any CPU
		{20C66BEF-2D2A-4372-BC90-7AA7BC83DED4}.Release|Any CPU.Build.0 = Release|Any CPU
		{83A07E1D-445A-4F58-91E8-6BCA3334BE2B}.Debug|Any CPU.ActiveCfg = Debug|Any CPU
		{83A07E1D-445A-4F58-91E8-6BCA3334BE2B}.Debug|Any CPU.Build.0 = Debug|Any CPU
		{83A07E1D-445A-4F58-91E8-6BCA3334BE2B}.Release|Any CPU.ActiveCfg = Release|Any CPU
		{83A07E1D-445A-4F58-91E8-6BCA3334BE2B}.Release|Any CPU.Build.0 = Release|Any CPU
		{0BE64758-D468-43F6-BC6B-A765D3EB1E4E}.Debug|Any CPU.ActiveCfg = Debug|Any CPU
		{0BE64758-D468-43F6-BC6B-A765D3EB1E4E}.Debug|Any CPU.Build.0 = Debug|Any CPU
		{0BE64758-D468-43F6-BC6B-A765D3EB1E4E}.Release|Any CPU.ActiveCfg = Release|Any CPU
		{0BE64758-D468-43F6-BC6B-A765D3EB1E4E}.Release|Any CPU.Build.0 = Release|Any CPU
		{06A8784B-3C62-4C07-A77E-F3E0C2EB2D67}.Debug|Any CPU.ActiveCfg = Debug|Any CPU
		{06A8784B-3C62-4C07-A77E-F3E0C2EB2D67}.Debug|Any CPU.Build.0 = Debug|Any CPU
		{06A8784B-3C62-4C07-A77E-F3E0C2EB2D67}.Release|Any CPU.ActiveCfg = Release|Any CPU
		{06A8784B-3C62-4C07-A77E-F3E0C2EB2D67}.Release|Any CPU.Build.0 = Release|Any CPU
		{22F4ADB9-8F05-4AAE-AFC1-CD23B2795E39}.Debug|Any CPU.ActiveCfg = Debug|Any CPU
		{22F4ADB9-8F05-4AAE-AFC1-CD23B2795E39}.Debug|Any CPU.Build.0 = Debug|Any CPU
		{22F4ADB9-8F05-4AAE-AFC1-CD23B2795E39}.Release|Any CPU.ActiveCfg = Release|Any CPU
		{22F4ADB9-8F05-4AAE-AFC1-CD23B2795E39}.Release|Any CPU.Build.0 = Release|Any CPU
		{231EE879-D305-4F84-B92B-32CFC0130CE2}.Debug|Any CPU.ActiveCfg = Debug|Any CPU
		{231EE879-D305-4F84-B92B-32CFC0130CE2}.Debug|Any CPU.Build.0 = Debug|Any CPU
		{231EE879-D305-4F84-B92B-32CFC0130CE2}.Release|Any CPU.ActiveCfg = Release|Any CPU
		{231EE879-D305-4F84-B92B-32CFC0130CE2}.Release|Any CPU.Build.0 = Release|Any CPU
	EndGlobalSection
	GlobalSection(SolutionProperties) = preSolution
		HideSolutionNode = FALSE
	EndGlobalSection
	GlobalSection(ExtensibilityGlobals) = postSolution
		SolutionGuid = {256AB6E8-92DB-4985-9BB2-1EE1D4F9BD1E}
	EndGlobalSection
EndGlobal
